{
	"name": "vscode-pocket",
	"version": "0.1.0",
	"lockfileVersion": 2,
	"requires": true,
	"packages": {
		"": {
			"name": "vscode-pocket",
			"version": "0.1.0",
			"license": "MIT",
			"devDependencies": {
				"vscode-languageclient": "^4.4.2"
			},
			"engines": {
				"vscode": "^1.22.0"
			}
		},
		"node_modules/vscode-jsonrpc": {
			"version": "8.0.1",
			"resolved": "https://registry.npmjs.org/vscode-jsonrpc/-/vscode-jsonrpc-8.0.1.tgz",
			"integrity": "sha512-N/WKvghIajmEvXpatSzvTvOIz61ZSmOSa4BRA4pTLi+1+jozquQKP/MkaylP9iB68k73Oua1feLQvH3xQuigiQ==",
			"dev": true,
			"engines": {
				"node": ">=14.0.0"
			}
		},
		"node_modules/vscode-languageclient": {
			"version": "4.4.2",
			"resolved": "https://registry.npmjs.org/vscode-languageclient/-/vscode-languageclient-4.4.2.tgz",
			"integrity": "sha512-9TUzsg1UM6n1UEyPlWbDf7tK1wJAK7UGFRmGDN8sz4KmbbDiVRh6YicaB/5oRSVTpuV47PdJpYlOl3SJ0RiK1Q==",
			"dev": true,
			"dependencies": {
				"vscode-languageserver-protocol": "^3.10.3"
			},
			"engines": {
				"vscode": "^1.25"
			}
		},
		"node_modules/vscode-languageserver-protocol": {
			"version": "3.17.1",
			"resolved": "https://registry.npmjs.org/vscode-languageserver-protocol/-/vscode-languageserver-protocol-3.17.1.tgz",
			"integrity": "sha512-BNlAYgQoYwlSgDLJhSG+DeA8G1JyECqRzM2YO6tMmMji3Ad9Mw6AW7vnZMti90qlAKb0LqAlJfSVGEdqMMNzKg==",
			"dev": true,
			"dependencies": {
				"vscode-jsonrpc": "8.0.1",
				"vscode-languageserver-types": "3.17.1"
			}
		},
		"node_modules/vscode-languageserver-types": {
			"version": "3.17.1",
			"resolved": "https://registry.npmjs.org/vscode-languageserver-types/-/vscode-languageserver-types-3.17.1.tgz",
			"integrity": "sha512-K3HqVRPElLZVVPtMeKlsyL9aK0GxGQpvtAUTfX4k7+iJ4mc1M+JM+zQwkgGy2LzY0f0IAafe8MKqIkJrxfGGjQ==",
			"dev": true
		}
	},
	"dependencies": {
		"vscode-jsonrpc": {
			"version": "8.0.1",
			"resolved": "https://registry.npmjs.org/vscode-jsonrpc/-/vscode-jsonrpc-8.0.1.tgz",
			"integrity": "sha512-N/WKvghIajmEvXpatSzvTvOIz61ZSmOSa4BRA4pTLi+1+jozquQKP/MkaylP9iB68k73Oua1feLQvH3xQuigiQ==",
			"dev": true
		},
		"vscode-languageclient": {
			"version": "4.4.2",
			"resolved": "https://registry.npmjs.org/vscode-languageclient/-/vscode-languageclient-4.4.2.tgz",
			"integrity": "sha512-9TUzsg1UM6n1UEyPlWbDf7tK1wJAK7UGFRmGDN8sz4KmbbDiVRh6YicaB/5oRSVTpuV47PdJpYlOl3SJ0RiK1Q==",
			"dev": true,
			"requires": {
				"vscode-languageserver-protocol": "^3.10.3"
			}
		},
		"vscode-languageserver-protocol": {
			"version": "3.17.1",
			"resolved": "https://registry.npmjs.org/vscode-languageserver-protocol/-/vscode-languageserver-protocol-3.17.1.tgz",
			"integrity": "sha512-BNlAYgQoYwlSgDLJhSG+DeA8G1JyECqRzM2YO6tMmMji3Ad9Mw6AW7vnZMti90qlAKb0LqAlJfSVGEdqMMNzKg==",
			"dev": true,
			"requires": {
				"vscode-jsonrpc": "8.0.1",
				"vscode-languageserver-types": "3.17.1"
			}
		},
		"vscode-languageserver-types": {
			"version": "3.17.1",
			"resolved": "https://registry.npmjs.org/vscode-languageserver-types/-/vscode-languageserver-types-3.17.1.tgz",
			"integrity": "sha512-K3HqVRPElLZVVPtMeKlsyL9aK0GxGQpvtAUTfX4k7+iJ4mc1M+JM+zQwkgGy2LzY0f0IAafe8MKqIkJrxfGGjQ==",
			"dev": true
		}
	}
}
